// !$*UTF8*$!
{
	archiveVersion = 1;
	classes = {
	};
	objectVersion = 46;
	objects = {

/* Begin PBXBuildFile section */
		FEF2DA291B721DD60090C977 /* gogogo.cc in Sources */ = {isa = PBXBuildFile; fileRef = FEF2DA281B721DD60090C977 /* gogogo.cc */; };
/* End PBXBuildFile section */

/* Begin PBXCopyFilesBuildPhase section */
		FEF2DA1A1B721D8A0090C977 /* CopyFiles */ = {
			isa = PBXCopyFilesBuildPhase;
			buildActionMask = 2147483647;
			dstPath = /usr/share/man/man1/;
			dstSubfolderSpec = 0;
			files = (
			);
			runOnlyForDeploymentPostprocessing = 1;
		};
/* End PBXCopyFilesBuildPhase section */

/* Begin PBXFileReference section */
		FEB418CF1B721F7A003ABF13 /* input.json */ = {isa = PBXFileReference; lastKnownFileType = text.json; name = input.json; path = "../../../Library/Developer/Xcode/DerivedData/snake-ai-alfoqvigzfyhsugkvxfrrfkhzlnv/Build/Products/Debug/input.json"; sourceTree = "<group>"; };
		FEF2DA1C1B721D8A0090C977 /* snake-ai */ = {isa = PBXFileReference; explicitFileType = "compiled.mach-o.executable"; includeInIndex = 0; path = "snake-ai"; sourceTree = BUILT_PRODUCTS_DIR; };
		FEF2DA281B721DD60090C977 /* gogogo.cc */ = {isa = PBXFileReference; fileEncoding = 4; lastKnownFileType = sourcecode.cpp.cpp; path = gogogo.cc; sourceTree = "<group>"; };
/* End PBXFileReference section */

/* Begin PBXFrameworksBuildPhase section */
		FEF2DA191B721D8A0090C977 /* Frameworks */ = {
			isa = PBXFrameworksBuildPhase;
			buildActionMask = 2147483647;
			files = (
			);
			runOnlyForDeploymentPostprocessing = 0;
		};
/* End PBXFrameworksBuildPhase section */

/* Begin PBXGroup section */
		FEF2DA131B721D8A0090C977 = {
			isa = PBXGroup;
			children = (
				FEF2DA1E1B721D8A0090C977 /* snake-ai */,
				FEF2DA1D1B721D8A0090C977 /* Products */,
			);
			sourceTree = "<group>";
		};
		FEF2DA1D1B721D8A0090C977 /* Products */ = {
			isa = PBXGroup;
			children = (
				FEF2DA1C1B721D8A0090C977 /* snake-ai */,
			);
			name = Products;
			sourceTree = "<group>";
		};
		FEF2DA1E1B721D8A0090C977 /* snake-ai */ = {
			isa = PBXGroup;
			children = (
				FEF2DA281B721DD60090C977 /* gogogo.cc */,
				FEB418CF1B721F7A003ABF13 /* input.json */,
			);
			path = "snake-ai";
			sourceTree = "<group>";
		};
/* End PBXGroup section */

/* Begin PBXNativeTarget section */
		FEF2DA1B1B721D8A0090C977 /* snake-ai */ = {
			isa = PBXNativeTarget;
			buildConfigurationList = FEF2DA231B721D8A0090C977 /* Build configuration list for PBXNativeTarget "snake-ai" */;
			buildPhases = (
				FEF2DA181B721D8A0090C977 /* Sources */,
				FEF2DA191B721D8A0090C977 /* Frameworks */,
				FEF2DA1A1B721D8A0090C977 /* CopyFiles */,
			);
			buildRules = (
			);
			dependencies = (
			);
			name = "snake-ai";
			productName = "snake-ai";
			productReference = FEF2DA1C1B721D8A0090C977 /* snake-ai */;
			productType = "com.apple.product-type.tool";
		};
/* End PBXNativeTarget section */

/* Begin PBXProject section */
		FEF2DA141B721D8A0090C977 /* Project object */ = {
			isa = PBXProject;
			attributes = {
				LastUpgradeCheck = 0700;
				ORGANIZATIONNAME = "Lequn Chen";
				TargetAttributes = {
					FEF2DA1B1B721D8A0090C977 = {
						CreatedOnToolsVersion = 6.1;
					};
				};
			};
			buildConfigurationList = FEF2DA171B721D8A0090C977 /* Build configuration list for PBXProject "snake-ai" */;
			compatibilityVersion = "Xcode 3.2";
			developmentRegion = English;
			hasScannedForEncodings = 0;
			knownRegions = (
				en,
			);
			mainGroup = FEF2DA131B721D8A0090C977;
			productRefGroup = FEF2DA1D1B721D8A0090C977 /* Products */;
			projectDirPath = "";
			projectRoot = "";
			targets = (
				FEF2DA1B1B721D8A0090C977 /* snake-ai */,
			);
		};
/* End PBXProject section */

/* Begin PBXSourcesBuildPhase section */
		FEF2DA181B721D8A0090C977 /* Sources */ = {
			isa = PBXSourcesBuildPhase;
			buildActionMask = 2147483647;
			files = (
				FEF2DA291B721DD60090C977 /* gogogo.cc in Sources */,
			);
			runOnlyForDeploymentPostprocessing = 0;
		};
/* End PBXSourcesBuildPhase section */

/* Begin XCBuildConfiguration section */
		FEF2DA211B721D8A0090C977 /* Debug */ = {
			isa = XCBuildConfiguration;
			buildSettings = {
				ALWAYS_SEARCH_USER_PATHS = NO;
				CLANG_CXX_LANGUAGE_STANDARD = "gnu++0x";
				CLANG_CXX_LIBRARY = "libc++";
				CLANG_ENABLE_MODULES = YES;
				CLANG_ENABLE_OBJC_ARC = YES;
				CLANG_WARN_BOOL_CONVERSION = YES;
				CLANG_WARN_CONSTANT_CONVERSION = YES;
				CLANG_WARN_DIRECT_OBJC_ISA_USAGE = YES_ERROR;
				CLANG_WARN_EMPTY_BODY = YES;
				CLANG_WARN_ENUM_CONVERSION = YES;
				CLANG_WARN_INT_CONVERSION = YES;
				CLANG_WARN_OBJC_ROOT_CLASS = YES_ERROR;
				CLANG_WARN_UNREACHABLE_CODE = YES;
				CLANG_WARN__DUPLICATE_METHOD_MATCH = YES;
				COPY_PHASE_STRIP = NO;
				ENABLE_STRICT_OBJC_MSGSEND = YES;
				ENABLE_TESTABILITY = YES;
				GCC_C_LANGUAGE_STANDARD = gnu99;
				GCC_DYNAMIC_NO_PIC = NO;
				GCC_OPTIMIZATION_LEVEL = 0;
				GCC_PREPROCESSOR_DEFINITIONS = (
					"DEBUG=1",
					"$(inherited)",
				);
				GCC_SYMBOLS_PRIVATE_EXTERN = NO;
				GCC_WARN_64_TO_32_BIT_CONVERSION = YES;
				GCC_WARN_ABOUT_RETURN_TYPE = YES_ERROR;
				GCC_WARN_UNDECLARED_SELECTOR = YES;
				GCC_WARN_UNINITIALIZED_AUTOS = YES_AGGRESSIVE;
				GCC_WARN_UNUSED_FUNCTION = YES;
				GCC_WARN_UNUSED_VARIABLE = YES;
				MACOSX_DEPLOYMENT_TARGET = 10.11;
				MTL_ENABLE_DEBUG_INFO = YES;
				ONLY_ACTIVE_ARCH = YES;
				SDKROOT = macosx;
			};
			name = Debug;
		};
		FEF2DA221B721D8A0090C977 /* Release */ = {
			isa = XCBuildConfiguration;
			buildSettings = {
				ALWAYS_SEARCH_USER_PATHS = NO;
				CLANG_CXX_LANGUAGE_STANDARD = "gnu++0x";
				CLANG_CXX_LIBRARY = "libc++";
				CLANG_ENABLE_MODULES = YES;
				CLANG_ENABLE_OBJC_ARC = YES;
				CLANG_WARN_BOOL_CONVERSION = YES;
				CLANG_WARN_CONSTANT_CONVERSION = YES;
				CLANG_WARN_DIRECT_OBJC_ISA_USAGE = YES_ERROR;
				CLANG_WARN_EMPTY_BODY = YES;
				CLANG_WARN_ENUM_CONVERSION = YES;
				CLANG_WARN_INT_CONVERSION = YES;
				CLANG_WARN_OBJC_ROOT_CLASS = YES_ERROR;
				CLANG_WARN_UNREACHABLE_CODE = YES;
				CLANG_WARN__DUPLICATE_METHOD_MATCH = YES;
				COPY_PHASE_STRIP = YES;
				DEBUG_INFORMATION_FORMAT = "dwarf-with-dsym";
				ENABLE_NS_ASSERTIONS = NO;
				ENABLE_STRICT_OBJC_MSGSEND = YES;
				GCC_C_LANGUAGE_STANDARD = gnu99;
				GCC_WARN_64_TO_32_BIT_CONVERSION = YES;
				GCC_WARN_ABOUT_RETURN_TYPE = YES_ERROR;
				GCC_WARN_UNDECLARED_SELECTOR = YES;
				GCC_WARN_UNINITIALIZED_AUTOS = YES_AGGRESSIVE;
				GCC_WARN_UNUSED_FUNCTION = YES;
				GCC_WARN_UNUSED_VARIABLE = YES;
				MACOSX_DEPLOYMENT_TARGET = 10.11;
				MTL_ENABLE_DEBUG_INFO = NO;
				SDKROOT = macosx;
			};
			name = Release;
		};
		FEF2DA241B721D8A0090C977 /* Debug */ = {
			isa = XCBuildConfiguration;
			buildSettings = {
				PRODUCT_NAME = "$(TARGET_NAME)";
			};
			name = Debug;
		};
		FEF2DA251B721D8A0090C977 /* Release */ = {
			isa = XCBuildConfiguration;
			buildSettings = {
				PRODUCT_NAME = "$(TARGET_NAME)";
			};
			name = Release;
		};
/* End XCBuildConfiguration section */

/* Begin XCConfigurationList section */
		FEF2DA171B721D8A0090C977 /* Build configuration list for PBXProject "snake-ai" */ = {
			isa = XCConfigurationList;
			buildConfigurations = (
				FEF2DA211B721D8A0090C977 /* Debug */,
				FEF2DA221B721D8A0090C977 /* Release */,
			);
			defaultConfigurationIsVisible = 0;
			defaultConfigurationName = Release;
		};
		FEF2DA231B721D8A0090C977 /* Build configuration list for PBXNativeTarget "snake-ai" */ = {
			isa = XCConfigurationList;
			buildConfigurations = (
				FEF2DA241B721D8A0090C977 /* Debug */,
				FEF2DA251B721D8A0090C977 /* Release */,
			);
			defaultConfigurationIsVisible = 0;
			defaultConfigurationName = Release;
		};
/* End XCConfigurationList section */
	};
	rootObject = FEF2DA141B721D8A0090C977 /* Project object */;
}
